
Microsoft Visual Studio Solution File, Format Version 12.00
# Visual Studio Version 17
VisualStudioVersion = 17.4.33205.214
MinimumVisualStudioVersion = 10.0.40219.1
Project("{888888A0-9F3D-457C-B088-3A5042F75D52}") = "Learn Python", "Learn Python\Learn Python.pyproj", "{B9404F93-3952-440B-934D-519EE90AC720}"
EndProject
Global
	GlobalSection(SolutionConfigurationPlatforms) = preSolution
		Debug|Any CPU = Debug|Any CPU
		Release|Any CPU = Release|Any CPU
	EndGlobalSection
	GlobalSection(ProjectConfigurationPlatforms) = postSolution
		{B9404F93-3952-440B-934D-519EE90AC720}.Debug|Any CPU.ActiveCfg = Debug|Any CPU
		{B9404F93-3952-440B-934D-519EE90AC720}.Release|Any CPU.ActiveCfg = Release|Any CPU
	EndGlobalSection
	GlobalSection(SolutionProperties) = preSolution
		HideSolutionNode = FALSE
	EndGlobalSection
	GlobalSection(ExtensibilityGlobals) = postSolution
		SolutionGuid = {736DE157-9510-4430-BB49-7CEEC6B7F1BF}
	EndGlobalSection
EndGlobal
